<?xml version="1.0" encoding="utf-8"?>
<Project ToolsVersion="4.0" xmlns="http://schemas.microsoft.com/developer/msbuild/2003">
  <ItemGroup>
    <Filter Include="Source Files">
      <UniqueIdentifier>{B1F27843-FECA-1BAD-0D12-A24328200D10}</UniqueIdentifier>
      <Extensions>cpp;cxx;cc;c;C</Extensions>
    </Filter>
    <Filter Include="Header Files">
      <UniqueIdentifier>{06319535-FECA-1BAD-0D12-A24328200D10}</UniqueIdentifier>
      <Extensions>h;hpp;hxx;hh</Extensions>
    </Filter>
    <Filter Include="Telnet">
      <UniqueIdentifier>{bec138c3-18be-4a02-8b9a-eea321373f78}</UniqueIdentifier>
    </Filter>
    <Filter Include="Swig">
      <UniqueIdentifier>{bb7890fe-67c3-4edb-a40d-fc9b854c86a4}</UniqueIdentifier>
    </Filter>
  </ItemGroup>
  <ItemGroup>
    <ClCompile Include="src\mcsf_acceptor.cpp">
      <Filter>Source Files</Filter>
    </ClCompile>
    <ClCompile Include="src\mcsf_asyc_servicecmd_process.cpp">
      <Filter>Source Files</Filter>
    </ClCompile>
    <ClCompile Include="src\mcsf_asyncResult.cpp">
      <Filter>Source Files</Filter>
    </ClCompile>
    <ClCompile Include="src\mcsf_client_manager.cpp">
      <Filter>Source Files</Filter>
    </ClCompile>
    <ClCompile Include="src\mcsf_communication_proxy.cpp">
      <Filter>Source Files</Filter>
    </ClCompile>
    <ClCompile Include="src\mcsf_connector.cpp">
      <Filter>Source Files</Filter>
    </ClCompile>
    <ClCompile Include="src\mcsf_dynamic_threadpool.cpp">
      <Filter>Source Files</Filter>
    </ClCompile>
    <ClCompile Include="src\mcsf_inner_cmd_handler.cpp">
      <Filter>Source Files</Filter>
    </ClCompile>
    <ClCompile Include="src\mcsf_pending_call.cpp">
      <Filter>Source Files</Filter>
    </ClCompile>
    <ClCompile Include="src\mcsf_share_memory_receiver.cpp">
      <Filter>Source Files</Filter>
    </ClCompile>
    <ClCompile Include="src\mcsf_share_memory_sender.cpp">
      <Filter>Source Files</Filter>
    </ClCompile>
    <ClCompile Include="src\mcsf_tcp_channel.cpp">
      <Filter>Source Files</Filter>
    </ClCompile>
    <ClCompile Include="src\mcsf_tcp_client.cpp">
      <Filter>Source Files</Filter>
    </ClCompile>
    <ClCompile Include="src\mcsf_tcp_server.cpp">
      <Filter>Source Files</Filter>
    </ClCompile>
    <ClCompile Include="src\mcsf_tcphandler.cpp">
      <Filter>Source Files</Filter>
    </ClCompile>
    <ClCompile Include="src\mcsf_communication_proxy_factory.cpp">
      <Filter>Source Files</Filter>
    </ClCompile>
    <ClCompile Include="src\mcsf_socket_sender.cpp">
      <Filter>Source Files</Filter>
    </ClCompile>
    <ClCompile Include="src\mcsf_socket_receiver.cpp">
      <Filter>Source Files</Filter>
    </ClCompile>
    <ClCompile Include="src\Mcsf_SysCommandDef.pb.cc">
      <Filter>Source Files</Filter>
    </ClCompile>
    <ClCompile Include="src\mcsf_error_code.cpp">
      <Filter>Source Files</Filter>
    </ClCompile>
    <ClCompile Include="src\mcsf_netbase_iclr_cmd_handler.cpp">
      <Filter>Source Files</Filter>
    </ClCompile>
    <ClCompile Include="src\mcsf_netbase_wrap.cxx">
      <Filter>Swig</Filter>
    </ClCompile>
    <ClCompile Include="src\mcsf_communication_node_name.cpp">
      <Filter>Source Files</Filter>
    </ClCompile>
    <ClCompile Include="src\stdafx.cpp">
      <Filter>Source Files</Filter>
    </ClCompile>
    <ClCompile Include="src\mcsf_logger_message_export.cpp">
      <Filter>Source Files</Filter>
    </ClCompile>
    <ClCompile Include="src\SystemCmdMessage.pb.cc">
      <Filter>Swig</Filter>
    </ClCompile>
  </ItemGroup>
  <ItemGroup>
    <ClInclude Include="include\mcsf_acceptor.h">
      <Filter>Header Files</Filter>
    </ClInclude>
    <ClInclude Include="include\mcsf_asyc_servicecmd_process.h">
      <Filter>Header Files</Filter>
    </ClInclude>
    <ClInclude Include="include\mcsf_asyncResult.h">
      <Filter>Header Files</Filter>
    </ClInclude>
    <ClInclude Include="include\mcsf_client_manager.h">
      <Filter>Header Files</Filter>
    </ClInclude>
    <ClInclude Include="include\mcsf_connector.h">
      <Filter>Header Files</Filter>
    </ClInclude>
    <ClInclude Include="include\mcsf_dynamic_threadpool.h">
      <Filter>Header Files</Filter>
    </ClInclude>
    <ClInclude Include="include\mcsf_ichannel.h">
      <Filter>Header Files</Filter>
    </ClInclude>
    <ClInclude Include="include\mcsf_inner_cmd_handler.h">
      <Filter>Header Files</Filter>
    </ClInclude>
    <ClInclude Include="include\mcsf_irefcount.h">
      <Filter>Header Files</Filter>
    </ClInclude>
    <ClInclude Include="include\mcsf_pending_call.h">
      <Filter>Header Files</Filter>
    </ClInclude>
    <ClInclude Include="include\mcsf_share_memory_receiver.h">
      <Filter>Header Files</Filter>
    </ClInclude>
    <ClInclude Include="include\mcsf_share_memory_sender.h">
      <Filter>Header Files</Filter>
    </ClInclude>
    <ClInclude Include="include\mcsf_sync_result.h">
      <Filter>Header Files</Filter>
    </ClInclude>
    <ClInclude Include="include\mcsf_tcp_channel.h">
      <Filter>Header Files</Filter>
    </ClInclude>
    <ClInclude Include="include\mcsf_tcp_client.h">
      <Filter>Header Files</Filter>
    </ClInclude>
    <ClInclude Include="include\mcsf_tcp_server.h">
      <Filter>Header Files</Filter>
    </ClInclude>
    <ClInclude Include="include\mcsf_tcphandler.h">
      <Filter>Header Files</Filter>
    </ClInclude>
    <ClInclude Include="include\SystemCmdMessage.pb.h">
      <Filter>Header Files</Filter>
    </ClInclude>
    <ClInclude Include="include\mcsf_sys_event_def.h">
      <Filter>Header Files</Filter>
    </ClInclude>
    <ClInclude Include="include\mcsf_netbase_iclr_cmd_handler.h">
      <Filter>Header Files</Filter>
    </ClInclude>
    <ClInclude Include="..\include\McsfNetBase\mcsf_communication_proxy.h">
      <Filter>Header Files</Filter>
    </ClInclude>
    <ClInclude Include="..\include\McsfNetBase\mcsf_netbase_command_context.h">
      <Filter>Header Files</Filter>
    </ClInclude>
    <ClInclude Include="..\include\McsfNetBase\mcsf_netbase_command_handler.h">
      <Filter>Header Files</Filter>
    </ClInclude>
    <ClInclude Include="..\include\McsfNetBase\mcsf_netbase_export.h">
      <Filter>Header Files</Filter>
    </ClInclude>
    <ClInclude Include="..\include\McsfNetBase\mcsf_netbase_iasync_result.h">
      <Filter>Header Files</Filter>
    </ClInclude>
    <ClInclude Include="..\include\McsfNetBase\mcsf_netbase_ibigdata_handler.h">
      <Filter>Header Files</Filter>
    </ClInclude>
    <ClInclude Include="..\include\McsfNetBase\mcsf_netbase_icmd_callback_handler.h">
      <Filter>Header Files</Filter>
    </ClInclude>
    <ClInclude Include="..\include\McsfNetBase\mcsf_netbase_icommunication_proxy.h">
      <Filter>Header Files</Filter>
    </ClInclude>
    <ClInclude Include="..\include\McsfNetBase\mcsf_netbase_ievent_handler.h">
      <Filter>Header Files</Filter>
    </ClInclude>
    <ClInclude Include="..\include\McsfNetBase\mcsf_netbase_interface.h">
      <Filter>Header Files</Filter>
    </ClInclude>
    <ClInclude Include="..\include\McsfNetBase\mcsf_netbase_isync_result.h">
      <Filter>Header Files</Filter>
    </ClInclude>
    <ClInclude Include="..\include\McsfNetBase\mcsf_netbase_senddata_context.h">
      <Filter>Header Files</Filter>
    </ClInclude>
    <ClInclude Include="..\include\McsfNetBase\mcsf_netbase_server_callback.h">
      <Filter>Header Files</Filter>
    </ClInclude>
    <ClInclude Include="include\mcsf_socket_sender.h">
      <Filter>Header Files</Filter>
    </ClInclude>
    <ClInclude Include="include\mcsf_blobdata_interface.h">
      <Filter>Header Files</Filter>
    </ClInclude>
    <ClInclude Include="include\mcsf_socket_receiver.h">
      <Filter>Header Files</Filter>
    </ClInclude>
    <ClInclude Include="resource.h">
      <Filter>Header Files</Filter>
    </ClInclude>
    <ClInclude Include="..\include\McsfNetBase\mcsf_error_code.h">
      <Filter>Header Files</Filter>
    </ClInclude>
    <ClInclude Include="include\mcsf_netbase_wrap.h">
      <Filter>Swig</Filter>
    </ClInclude>
    <ClInclude Include="include\mcsf_swig_string_util.h">
      <Filter>Swig</Filter>
    </ClInclude>
    <ClInclude Include="include\mcsf_swig_sharedarray_util.h">
      <Filter>Swig</Filter>
    </ClInclude>
    <ClInclude Include="..\include\McsfNetBase\mcsf_communication_node_name.h">
      <Filter>Header Files</Filter>
    </ClInclude>
    <ClInclude Include="src\stdafx.h">
      <Filter>Source Files</Filter>
    </ClInclude>
    <ClInclude Include="include\mcsf_logger_message_export.h">
      <Filter>Header Files</Filter>
    </ClInclude>
    <ClInclude Include="..\include\McsfNetBase\mcsf_rpc_msg_redef.h">
      <Filter>Header Files</Filter>
    </ClInclude>
  </ItemGroup>
  <ItemGroup>
    <ResourceCompile Include="McsfNetBase.rc" />
  </ItemGroup>
  <ItemGroup>
    <None Include="build_csharp.bat" />
    <None Include="Mcsf_SysCommandDef.proto" />
    <None Include="include\mcsf_netbase.swig">
      <Filter>Swig</Filter>
    </None>
    <None Include="RpcMessage.proto" />
    <None Include="SystemCmdMessage.proto" />
  </ItemGroup>
</Project>